
Microsoft Visual Studio Solution File, Format Version 12.00
# Visual Studio Version 17
VisualStudioVersion = 17.4.33103.184
MinimumVisualStudioVersion = 10.0.40219.1
Project("{FAE04EC0-301F-11D3-BF4B-00C04F79EFBC}") = "ClassExample", "ClassExample\ClassExample.csproj", "{23C2CCC4-CCB0-42BD-9C2B-E3BBCE6C4F9E}"
EndProject
Global
	GlobalSection(SolutionConfigurationPlatforms) = preSolution
		Debug|Any CPU = Debug|Any CPU
		Release|Any CPU = Release|Any CPU
	EndGlobalSection
	GlobalSection(ProjectConfigurationPlatforms) = postSolution
		{23C2CCC4-CCB0-42BD-9C2B-E3BBCE6C4F9E}.Debug|Any CPU.ActiveCfg = Debug|Any CPU
		{23C2CCC4-CCB0-42BD-9C2B-E3BBCE6C4F9E}.Debug|Any CPU.Build.0 = Debug|Any CPU
		{23C2CCC4-CCB0-42BD-9C2B-E3BBCE6C4F9E}.Release|Any CPU.ActiveCfg = Release|Any CPU
		{23C2CCC4-CCB0-42BD-9C2B-E3BBCE6C4F9E}.Release|Any CPU.Build.0 = Release|Any CPU
	EndGlobalSection
	GlobalSection(SolutionProperties) = preSolution
		HideSolutionNode = FALSE
	EndGlobalSection
	GlobalSection(ExtensibilityGlobals) = postSolution
		SolutionGuid = {F0FD8B3B-B98B-4B3F-A207-C521597637E6}
	EndGlobalSection
EndGlobal
